
Microsoft Visual Studio Solution File, Format Version 12.00
# Visual Studio 14
VisualStudioVersion = 14.0.22823.1
MinimumVisualStudioVersion = 10.0.40219.1
Project("{8BC9CEB8-8B4A-11D0-8D11-00A0C91BC942}") = "LibLLVM.3.6.1", "LibLLVM\LibLLVM.vcxproj", "{6C77A7DE-D464-430F-96A9-A64768763B5F}"
EndProject
Project("{FAE04EC0-301F-11D3-BF4B-00C04F79EFBC}") = "Llvm.NET", "Llvm.NET\Llvm.NET.csproj", "{0162C8CE-6641-4922-8664-F8A44356FBF7}"
EndProject
Global
	GlobalSection(SolutionConfigurationPlatforms) = preSolution
		Debug|x64 = Debug|x64
		Debug|Win32 = Debug|Win32
		Release|x64 = Release|x64
		Release|Win32 = Release|Win32
		RelWithDebInfo|x64 = RelWithDebInfo|x64
		RelWithDebInfo|Win32 = RelWithDebInfo|Win32
	EndGlobalSection
	GlobalSection(ProjectConfigurationPlatforms) = postSolution
		{6C77A7DE-D464-430F-96A9-A64768763B5F}.Debug|x64.ActiveCfg = Debug|x64
		{6C77A7DE-D464-430F-96A9-A64768763B5F}.Debug|x64.Build.0 = Debug|x64
		{6C77A7DE-D464-430F-96A9-A64768763B5F}.Debug|Win32.ActiveCfg = Debug|Win32
		{6C77A7DE-D464-430F-96A9-A64768763B5F}.Debug|Win32.Build.0 = Debug|Win32
		{6C77A7DE-D464-430F-96A9-A64768763B5F}.Release|x64.ActiveCfg = Release|x64
		{6C77A7DE-D464-430F-96A9-A64768763B5F}.Release|x64.Build.0 = Release|x64
		{6C77A7DE-D464-430F-96A9-A64768763B5F}.Release|Win32.ActiveCfg = Release|Win32
		{6C77A7DE-D464-430F-96A9-A64768763B5F}.Release|Win32.Build.0 = Release|Win32
		{6C77A7DE-D464-430F-96A9-A64768763B5F}.RelWithDebInfo|x64.ActiveCfg = RelWithDebInfo|x64
		{6C77A7DE-D464-430F-96A9-A64768763B5F}.RelWithDebInfo|x64.Build.0 = RelWithDebInfo|x64
		{6C77A7DE-D464-430F-96A9-A64768763B5F}.RelWithDebInfo|Win32.ActiveCfg = RelWithDebInfo|Win32
		{6C77A7DE-D464-430F-96A9-A64768763B5F}.RelWithDebInfo|Win32.Build.0 = RelWithDebInfo|Win32
		{0162C8CE-6641-4922-8664-F8A44356FBF7}.Debug|x64.ActiveCfg = Debug|x64
		{0162C8CE-6641-4922-8664-F8A44356FBF7}.Debug|x64.Build.0 = Debug|x64
		{0162C8CE-6641-4922-8664-F8A44356FBF7}.Debug|Win32.ActiveCfg = Debug|Win32
		{0162C8CE-6641-4922-8664-F8A44356FBF7}.Debug|Win32.Build.0 = Debug|Win32
		{0162C8CE-6641-4922-8664-F8A44356FBF7}.Release|x64.ActiveCfg = Release|x64
		{0162C8CE-6641-4922-8664-F8A44356FBF7}.Release|x64.Build.0 = Release|x64
		{0162C8CE-6641-4922-8664-F8A44356FBF7}.Release|Win32.ActiveCfg = Release|Win32
		{0162C8CE-6641-4922-8664-F8A44356FBF7}.Release|Win32.Build.0 = Release|Win32
		{0162C8CE-6641-4922-8664-F8A44356FBF7}.RelWithDebInfo|x64.ActiveCfg = RelWithDebInfo|x64
		{0162C8CE-6641-4922-8664-F8A44356FBF7}.RelWithDebInfo|x64.Build.0 = RelWithDebInfo|x64
		{0162C8CE-6641-4922-8664-F8A44356FBF7}.RelWithDebInfo|Win32.ActiveCfg = RelWithDebInfo|Win32
		{0162C8CE-6641-4922-8664-F8A44356FBF7}.RelWithDebInfo|Win32.Build.0 = RelWithDebInfo|Win32
	EndGlobalSection
	GlobalSection(SolutionProperties) = preSolution
		HideSolutionNode = FALSE
	EndGlobalSection
EndGlobal
