
Microsoft Visual Studio Solution File, Format Version 12.00
# Visual Studio 14
VisualStudioVersion = 14.0.23107.0
MinimumVisualStudioVersion = 10.0.40219.1
Project("{FAE04EC0-301F-11D3-BF4B-00C04F79EFBC}") = "LPC1768Configuration", "LPC1768\Configuration\LPC1768Configuration.csproj", "{C17E59D0-2D64-4012-8A98-D184D0CF8A49}"
EndProject
Project("{FAE04EC0-301F-11D3-BF4B-00C04F79EFBC}") = "K64FConfiguration", "K64F\Configuration\K64FConfiguration.csproj", "{9863D039-AB21-4710-960E-7303919552C6}"
EndProject
Project("{FAE04EC0-301F-11D3-BF4B-00C04F79EFBC}") = "K64F", "K64F\Board\K64F.csproj", "{1705887B-E636-4FA3-AE40-2D431AF1511C}"
EndProject
Project("{FAE04EC0-301F-11D3-BF4B-00C04F79EFBC}") = "LPC1768", "LPC1768\Board\LPC1768.csproj", "{CEE4D575-4B4B-42B0-B2F1-CC7198CB7306}"
EndProject
Project("{2150E333-8FDC-42A3-9474-1A3956D46DE8}") = "LPC1768", "LPC1768", "{5100FF29-2B10-4D43-822F-DEDE105433FC}"
EndProject
Project("{2150E333-8FDC-42A3-9474-1A3956D46DE8}") = "K64F", "K64F", "{5C328A57-B790-4B02-A36C-4EDA8280BA51}"
EndProject
Project("{2150E333-8FDC-42A3-9474-1A3956D46DE8}") = "STM32L152", "STM32L152", "{582F3F68-6C35-48E6-BC68-139AE9666F64}"
EndProject
Project("{FAE04EC0-301F-11D3-BF4B-00C04F79EFBC}") = "STM32L152", "STM32L152\Board\STM32L152.csproj", "{F0229144-F7C4-4456-8442-5E816C6E8FBC}"
EndProject
Project("{FAE04EC0-301F-11D3-BF4B-00C04F79EFBC}") = "STM32L152Configuration", "STM32L152\Configuration\STM32L152Configuration.csproj", "{F222E0D3-0FFF-41F4-91EE-400C4E4E043D}"
EndProject
Project("{2150E333-8FDC-42A3-9474-1A3956D46DE8}") = "STM32F411", "STM32F411", "{3F416416-1AEE-4F13-B338-917087AF0C54}"
EndProject
Project("{FAE04EC0-301F-11D3-BF4B-00C04F79EFBC}") = "STM32F411", "STM32F411\Board\STM32F411.csproj", "{DD4371DE-85A8-49AA-B939-10E03B7ED3C9}"
EndProject
Project("{FAE04EC0-301F-11D3-BF4B-00C04F79EFBC}") = "STM32F411Configuration", "STM32F411\Configuration\STM32F411Configuration.csproj", "{9B0EDB62-1E62-492D-B807-A8501EEE8400}"
EndProject
Global
	GlobalSection(SolutionConfigurationPlatforms) = preSolution
		Debug|Any CPU = Debug|Any CPU
		Release|Any CPU = Release|Any CPU
	EndGlobalSection
	GlobalSection(ProjectConfigurationPlatforms) = postSolution
		{C17E59D0-2D64-4012-8A98-D184D0CF8A49}.Debug|Any CPU.ActiveCfg = Debug|Any CPU
		{C17E59D0-2D64-4012-8A98-D184D0CF8A49}.Debug|Any CPU.Build.0 = Debug|Any CPU
		{C17E59D0-2D64-4012-8A98-D184D0CF8A49}.Release|Any CPU.ActiveCfg = Release|Any CPU
		{C17E59D0-2D64-4012-8A98-D184D0CF8A49}.Release|Any CPU.Build.0 = Release|Any CPU
		{9863D039-AB21-4710-960E-7303919552C6}.Debug|Any CPU.ActiveCfg = Debug|Any CPU
		{9863D039-AB21-4710-960E-7303919552C6}.Debug|Any CPU.Build.0 = Debug|Any CPU
		{9863D039-AB21-4710-960E-7303919552C6}.Release|Any CPU.ActiveCfg = Release|Any CPU
		{9863D039-AB21-4710-960E-7303919552C6}.Release|Any CPU.Build.0 = Release|Any CPU
		{1705887B-E636-4FA3-AE40-2D431AF1511C}.Debug|Any CPU.ActiveCfg = Debug|Any CPU
		{1705887B-E636-4FA3-AE40-2D431AF1511C}.Debug|Any CPU.Build.0 = Debug|Any CPU
		{1705887B-E636-4FA3-AE40-2D431AF1511C}.Release|Any CPU.ActiveCfg = Release|Any CPU
		{1705887B-E636-4FA3-AE40-2D431AF1511C}.Release|Any CPU.Build.0 = Release|Any CPU
		{CEE4D575-4B4B-42B0-B2F1-CC7198CB7306}.Debug|Any CPU.ActiveCfg = Debug|Any CPU
		{CEE4D575-4B4B-42B0-B2F1-CC7198CB7306}.Debug|Any CPU.Build.0 = Debug|Any CPU
		{CEE4D575-4B4B-42B0-B2F1-CC7198CB7306}.Release|Any CPU.ActiveCfg = Release|Any CPU
		{CEE4D575-4B4B-42B0-B2F1-CC7198CB7306}.Release|Any CPU.Build.0 = Release|Any CPU
		{F0229144-F7C4-4456-8442-5E816C6E8FBC}.Debug|Any CPU.ActiveCfg = Debug|Any CPU
		{F0229144-F7C4-4456-8442-5E816C6E8FBC}.Debug|Any CPU.Build.0 = Debug|Any CPU
		{F0229144-F7C4-4456-8442-5E816C6E8FBC}.Release|Any CPU.ActiveCfg = Release|Any CPU
		{F0229144-F7C4-4456-8442-5E816C6E8FBC}.Release|Any CPU.Build.0 = Release|Any CPU
		{F222E0D3-0FFF-41F4-91EE-400C4E4E043D}.Debug|Any CPU.ActiveCfg = Debug|Any CPU
		{F222E0D3-0FFF-41F4-91EE-400C4E4E043D}.Debug|Any CPU.Build.0 = Debug|Any CPU
		{F222E0D3-0FFF-41F4-91EE-400C4E4E043D}.Release|Any CPU.ActiveCfg = Release|Any CPU
		{F222E0D3-0FFF-41F4-91EE-400C4E4E043D}.Release|Any CPU.Build.0 = Release|Any CPU
		{DD4371DE-85A8-49AA-B939-10E03B7ED3C9}.Debug|Any CPU.ActiveCfg = Debug|Any CPU
		{DD4371DE-85A8-49AA-B939-10E03B7ED3C9}.Debug|Any CPU.Build.0 = Debug|Any CPU
		{DD4371DE-85A8-49AA-B939-10E03B7ED3C9}.Release|Any CPU.ActiveCfg = Release|Any CPU
		{DD4371DE-85A8-49AA-B939-10E03B7ED3C9}.Release|Any CPU.Build.0 = Release|Any CPU
		{9B0EDB62-1E62-492D-B807-A8501EEE8400}.Debug|Any CPU.ActiveCfg = Debug|Any CPU
		{9B0EDB62-1E62-492D-B807-A8501EEE8400}.Debug|Any CPU.Build.0 = Debug|Any CPU
		{9B0EDB62-1E62-492D-B807-A8501EEE8400}.Release|Any CPU.ActiveCfg = Release|Any CPU
		{9B0EDB62-1E62-492D-B807-A8501EEE8400}.Release|Any CPU.Build.0 = Release|Any CPU
	EndGlobalSection
	GlobalSection(SolutionProperties) = preSolution
		HideSolutionNode = FALSE
	EndGlobalSection
	GlobalSection(NestedProjects) = preSolution
		{C17E59D0-2D64-4012-8A98-D184D0CF8A49} = {5100FF29-2B10-4D43-822F-DEDE105433FC}
		{9863D039-AB21-4710-960E-7303919552C6} = {5C328A57-B790-4B02-A36C-4EDA8280BA51}
		{1705887B-E636-4FA3-AE40-2D431AF1511C} = {5C328A57-B790-4B02-A36C-4EDA8280BA51}
		{CEE4D575-4B4B-42B0-B2F1-CC7198CB7306} = {5100FF29-2B10-4D43-822F-DEDE105433FC}
		{F0229144-F7C4-4456-8442-5E816C6E8FBC} = {582F3F68-6C35-48E6-BC68-139AE9666F64}
		{F222E0D3-0FFF-41F4-91EE-400C4E4E043D} = {582F3F68-6C35-48E6-BC68-139AE9666F64}
		{DD4371DE-85A8-49AA-B939-10E03B7ED3C9} = {3F416416-1AEE-4F13-B338-917087AF0C54}
		{9B0EDB62-1E62-492D-B807-A8501EEE8400} = {3F416416-1AEE-4F13-B338-917087AF0C54}
	EndGlobalSection
EndGlobal
